
Microsoft Visual Studio Solution File, Format Version 12.00
# Visual Studio Version 17
VisualStudioVersion = 17.4.33205.214
MinimumVisualStudioVersion = 10.0.40219.1
Project("{9A19103F-16F7-4668-BE54-9A1E7A4F7556}") = "Person", "HomeWorks\Person.csproj", "{89411AE3-7069-4EBC-A02B-A9ECF8CB3DA2}"
EndProject
Project("{9A19103F-16F7-4668-BE54-9A1E7A4F7556}") = "Module8", "Module8\Module8.csproj", "{A863D382-9EB9-42C6-8EA1-2CBBDD877FE8}"
EndProject
Project("{FAE04EC0-301F-11D3-BF4B-00C04F79EFBC}") = "Module9.WPF", "Module9.WPF\Module9.WPF.csproj", "{A074C353-207E-4426-9FDA-7D1BCB236064}"
EndProject
Global
	GlobalSection(SolutionConfigurationPlatforms) = preSolution
		Debug|Any CPU = Debug|Any CPU
		Release|Any CPU = Release|Any CPU
	EndGlobalSection
	GlobalSection(ProjectConfigurationPlatforms) = postSolution
		{89411AE3-7069-4EBC-A02B-A9ECF8CB3DA2}.Debug|Any CPU.ActiveCfg = Debug|Any CPU
		{89411AE3-7069-4EBC-A02B-A9ECF8CB3DA2}.Debug|Any CPU.Build.0 = Debug|Any CPU
		{89411AE3-7069-4EBC-A02B-A9ECF8CB3DA2}.Release|Any CPU.ActiveCfg = Release|Any CPU
		{89411AE3-7069-4EBC-A02B-A9ECF8CB3DA2}.Release|Any CPU.Build.0 = Release|Any CPU
		{A863D382-9EB9-42C6-8EA1-2CBBDD877FE8}.Debug|Any CPU.ActiveCfg = Debug|Any CPU
		{A863D382-9EB9-42C6-8EA1-2CBBDD877FE8}.Debug|Any CPU.Build.0 = Debug|Any CPU
		{A863D382-9EB9-42C6-8EA1-2CBBDD877FE8}.Release|Any CPU.ActiveCfg = Release|Any CPU
		{A863D382-9EB9-42C6-8EA1-2CBBDD877FE8}.Release|Any CPU.Build.0 = Release|Any CPU
		{A074C353-207E-4426-9FDA-7D1BCB236064}.Debug|Any CPU.ActiveCfg = Debug|Any CPU
		{A074C353-207E-4426-9FDA-7D1BCB236064}.Debug|Any CPU.Build.0 = Debug|Any CPU
		{A074C353-207E-4426-9FDA-7D1BCB236064}.Release|Any CPU.ActiveCfg = Release|Any CPU
		{A074C353-207E-4426-9FDA-7D1BCB236064}.Release|Any CPU.Build.0 = Release|Any CPU
	EndGlobalSection
	GlobalSection(SolutionProperties) = preSolution
		HideSolutionNode = FALSE
	EndGlobalSection
	GlobalSection(ExtensibilityGlobals) = postSolution
		SolutionGuid = {E255A139-8F1E-4ED1-8AE3-E4A66FFC0006}
	EndGlobalSection
EndGlobal
